
Microsoft Visual Studio Solution File, Format Version 12.00
# Visual Studio Version 17
VisualStudioVersion = 17.1.32328.378
MinimumVisualStudioVersion = 10.0.40219.1
Project("{8BC9CEB8-8B4A-11D0-8D11-00A0C91BC942}") = "heap_sort", "heap_sort\heap_sort.vcxproj", "{11CB39C6-57DF-49FF-8EE6-A551DFF3520E}"
EndProject
Global
	GlobalSection(SolutionConfigurationPlatforms) = preSolution
		Debug|x64 = Debug|x64
		Debug|x86 = Debug|x86
		Release|x64 = Release|x64
		Release|x86 = Release|x86
	EndGlobalSection
	GlobalSection(ProjectConfigurationPlatforms) = postSolution
		{11CB39C6-57DF-49FF-8EE6-A551DFF3520E}.Debug|x64.ActiveCfg = Debug|x64
		{11CB39C6-57DF-49FF-8EE6-A551DFF3520E}.Debug|x64.Build.0 = Debug|x64
		{11CB39C6-57DF-49FF-8EE6-A551DFF3520E}.Debug|x86.ActiveCfg = Debug|Win32
		{11CB39C6-57DF-49FF-8EE6-A551DFF3520E}.Debug|x86.Build.0 = Debug|Win32
		{11CB39C6-57DF-49FF-8EE6-A551DFF3520E}.Release|x64.ActiveCfg = Release|x64
		{11CB39C6-57DF-49FF-8EE6-A551DFF3520E}.Release|x64.Build.0 = Release|x64
		{11CB39C6-57DF-49FF-8EE6-A551DFF3520E}.Release|x86.ActiveCfg = Release|Win32
		{11CB39C6-57DF-49FF-8EE6-A551DFF3520E}.Release|x86.Build.0 = Release|Win32
	EndGlobalSection
	GlobalSection(SolutionProperties) = preSolution
		HideSolutionNode = FALSE
	EndGlobalSection
	GlobalSection(ExtensibilityGlobals) = postSolution
		SolutionGuid = {C7679329-F4D3-45E9-A483-B0FC59B37A25}
	EndGlobalSection
EndGlobal
